{
  "originHash" : "0685518778ecc3b0d79b19b4a7dcd956c73b73c2401fc15a87bc8a7301d5dafe",
  "pins" : [
    {
      "identity" : "cryptoswift",
      "kind" : "remoteSourceControl",
      "location" : "https://github.com/krzyzanowskim/CryptoSwift.git",
      "state" : {
        "revision" : "729e01bc9b9dab466ac85f21fb9ee2bc1c61b258",
        "version" : "1.8.4"
      }
    },
    {
      "identity" : "swift-secp256k1",
      "kind" : "remoteSourceControl",
      "location" : "https://github.com/21-DOT-DEV/swift-secp256k1",
      "state" : {
        "revision" : "57ce9af6db14e0114af631ace25231a9d0ccccbd",
        "version" : "0.18.0"
      }
    }
  ],
  "version" : 3
}
